
Microsoft Visual Studio Solution File, Format Version 12.00
# Visual Studio Version 16
VisualStudioVersion = 16.0.31005.135
MinimumVisualStudioVersion = 10.0.40219.1
Project("{9A19103F-16F7-4668-BE54-9A1E7A4F7556}") = "EmployeeManagement", "WebApplication1\EmployeeManagement.csproj", "{06447582-3A13-4862-B703-A012E5A164B1}"
EndProject
Global
	GlobalSection(SolutionConfigurationPlatforms) = preSolution
		Debug|Any CPU = Debug|Any CPU
		Release|Any CPU = Release|Any CPU
	EndGlobalSection
	GlobalSection(ProjectConfigurationPlatforms) = postSolution
		{06447582-3A13-4862-B703-A012E5A164B1}.Debug|Any CPU.ActiveCfg = Debug|Any CPU
		{06447582-3A13-4862-B703-A012E5A164B1}.Debug|Any CPU.Build.0 = Debug|Any CPU
		{06447582-3A13-4862-B703-A012E5A164B1}.Release|Any CPU.ActiveCfg = Release|Any CPU
		{06447582-3A13-4862-B703-A012E5A164B1}.Release|Any CPU.Build.0 = Release|Any CPU
	EndGlobalSection
	GlobalSection(SolutionProperties) = preSolution
		HideSolutionNode = FALSE
	EndGlobalSection
	GlobalSection(ExtensibilityGlobals) = postSolution
		SolutionGuid = {2BC483B2-0BCE-411B-B027-457CFB6A6151}
	EndGlobalSection
EndGlobal
